Microsoft Visual Studio Solution File, Format Version 12.00
# Visual Studio Version 17
VisualStudioVersion = 17.5.2.0
MinimumVisualStudioVersion = 10.0.40219.1
Project("{FAE04EC0-301F-11D3-BF4B-00C04F79EFBC}") = "Gifts.Program", "Gifts.Program.csproj", "{B929C458-277A-248E-A4F6-067B33D71FBA}"
EndProject
Global
	GlobalSection(SolutionConfigurationPlatforms) = preSolution
		Debug|Any CPU = Debug|Any CPU
		Release|Any CPU = Release|Any CPU
	EndGlobalSection
	GlobalSection(ProjectConfigurationPlatforms) = postSolution
		{B929C458-277A-248E-A4F6-067B33D71FBA}.Debug|Any CPU.ActiveCfg = Debug|Any CPU
		{B929C458-277A-248E-A4F6-067B33D71FBA}.Debug|Any CPU.Build.0 = Debug|Any CPU
		{B929C458-277A-248E-A4F6-067B33D71FBA}.Release|Any CPU.ActiveCfg = Release|Any CPU
		{B929C458-277A-248E-A4F6-067B33D71FBA}.Release|Any CPU.Build.0 = Release|Any CPU
	EndGlobalSection
	GlobalSection(SolutionProperties) = preSolution
		HideSolutionNode = FALSE
	EndGlobalSection
	GlobalSection(ExtensibilityGlobals) = postSolution
		SolutionGuid = {14F7640F-32D9-447B-B818-FC52B3A85C9E}
	EndGlobalSection
EndGlobal
