Microsoft Visual Studio Solution File, Format Version 12.00
# Visual Studio Version 17
VisualStudioVersion = 17.5.2.0
MinimumVisualStudioVersion = 10.0.40219.1
Project("{FAE04EC0-301F-11D3-BF4B-00C04F79EFBC}") = "Gifts.Repository", "Gifts.Repository.csproj", "{4168D002-4DDA-7067-F583-8F8B4389E361}"
EndProject
Global
	GlobalSection(SolutionConfigurationPlatforms) = preSolution
		Debug|Any CPU = Debug|Any CPU
		Release|Any CPU = Release|Any CPU
	EndGlobalSection
	GlobalSection(ProjectConfigurationPlatforms) = postSolution
		{4168D002-4DDA-7067-F583-8F8B4389E361}.Debug|Any CPU.ActiveCfg = Debug|Any CPU
		{4168D002-4DDA-7067-F583-8F8B4389E361}.Debug|Any CPU.Build.0 = Debug|Any CPU
		{4168D002-4DDA-7067-F583-8F8B4389E361}.Release|Any CPU.ActiveCfg = Release|Any CPU
		{4168D002-4DDA-7067-F583-8F8B4389E361}.Release|Any CPU.Build.0 = Release|Any CPU
	EndGlobalSection
	GlobalSection(SolutionProperties) = preSolution
		HideSolutionNode = FALSE
	EndGlobalSection
	GlobalSection(ExtensibilityGlobals) = postSolution
		SolutionGuid = {88F374DF-1C10-4D27-A5AB-E00AE0D0A218}
	EndGlobalSection
EndGlobal
